
Microsoft Visual Studio Solution File, Format Version 12.00
# Visual Studio Version 17
VisualStudioVersion = 17.10.35027.167
MinimumVisualStudioVersion = 10.0.40219.1
Project("{FAE04EC0-301F-11D3-BF4B-00C04F79EFBC}") = "WordFinder", "WordFinder\WordFinder.csproj", "{F9CE518C-628F-42D0-A5C7-AF0B13F6B5FA}"
EndProject
Project("{FAE04EC0-301F-11D3-BF4B-00C04F79EFBC}") = "WordFinderTests", "WordFinderTests\WordFinderTests.csproj", "{B1BF93A4-9630-4AF1-9FBD-4BEE74B8C61B}"
EndProject
Global
	GlobalSection(SolutionConfigurationPlatforms) = preSolution
		Debug|Any CPU = Debug|Any CPU
		Release|Any CPU = Release|Any CPU
	EndGlobalSection
	GlobalSection(ProjectConfigurationPlatforms) = postSolution
		{F9CE518C-628F-42D0-A5C7-AF0B13F6B5FA}.Debug|Any CPU.ActiveCfg = Debug|Any CPU
		{F9CE518C-628F-42D0-A5C7-AF0B13F6B5FA}.Debug|Any CPU.Build.0 = Debug|Any CPU
		{F9CE518C-628F-42D0-A5C7-AF0B13F6B5FA}.Release|Any CPU.ActiveCfg = Release|Any CPU
		{F9CE518C-628F-42D0-A5C7-AF0B13F6B5FA}.Release|Any CPU.Build.0 = Release|Any CPU
		{B1BF93A4-9630-4AF1-9FBD-4BEE74B8C61B}.Debug|Any CPU.ActiveCfg = Debug|Any CPU
		{B1BF93A4-9630-4AF1-9FBD-4BEE74B8C61B}.Debug|Any CPU.Build.0 = Debug|Any CPU
		{B1BF93A4-9630-4AF1-9FBD-4BEE74B8C61B}.Release|Any CPU.ActiveCfg = Release|Any CPU
		{B1BF93A4-9630-4AF1-9FBD-4BEE74B8C61B}.Release|Any CPU.Build.0 = Release|Any CPU
	EndGlobalSection
	GlobalSection(SolutionProperties) = preSolution
		HideSolutionNode = FALSE
	EndGlobalSection
	GlobalSection(ExtensibilityGlobals) = postSolution
		SolutionGuid = {AD76B2FA-F165-4884-BE87-A6D67EC0E672}
	EndGlobalSection
EndGlobal
